
Microsoft Visual Studio Solution File, Format Version 12.00
# Visual Studio 15
VisualStudioVersion = 15.0.27428.2005
MinimumVisualStudioVersion = 10.0.40219.1
Project("{FAE04EC0-301F-11D3-BF4B-00C04F79EFBC}") = "UnityClient", "UnityClient\UnityClient.csproj", "{D2E23C36-7D65-448A-BDA0-EFA3A36E11F6}"
EndProject
Project("{FAE04EC0-301F-11D3-BF4B-00C04F79EFBC}") = "ScriptableData", "ScriptableData\ScriptableData.csproj", "{4295C1B7-D43F-4E38-85AD-33623489FBBE}"
EndProject
Project("{FAE04EC0-301F-11D3-BF4B-00C04F79EFBC}") = "Entitas.Data", "Entitas.Data\Entitas.Data.csproj", "{EBE6EBAE-A092-4895-A7A3-8BD6179BDB5C}"
EndProject
Project("{FAE04EC0-301F-11D3-BF4B-00C04F79EFBC}") = "Util", "Util\Util.csproj", "{EA8F8FD9-BDA8-4368-881F-F0C820907F7A}"
EndProject
Project("{FAE04EC0-301F-11D3-BF4B-00C04F79EFBC}") = "UnityDelegate", "UnityDelegate\UnityDelegate.csproj", "{EED5186F-0477-44AC-8C66-1027D9A263CB}"
EndProject
Global
	GlobalSection(SolutionConfigurationPlatforms) = preSolution
		Debug|Any CPU = Debug|Any CPU
		Debug|x64 = Debug|x64
		Debug|x86 = Debug|x86
		Release|Any CPU = Release|Any CPU
		Release|x64 = Release|x64
		Release|x86 = Release|x86
	EndGlobalSection
	GlobalSection(ProjectConfigurationPlatforms) = postSolution
		{D2E23C36-7D65-448A-BDA0-EFA3A36E11F6}.Debug|Any CPU.ActiveCfg = Debug|Any CPU
		{D2E23C36-7D65-448A-BDA0-EFA3A36E11F6}.Debug|Any CPU.Build.0 = Debug|Any CPU
		{D2E23C36-7D65-448A-BDA0-EFA3A36E11F6}.Debug|x64.ActiveCfg = Debug|Any CPU
		{D2E23C36-7D65-448A-BDA0-EFA3A36E11F6}.Debug|x64.Build.0 = Debug|Any CPU
		{D2E23C36-7D65-448A-BDA0-EFA3A36E11F6}.Debug|x86.ActiveCfg = Debug|Any CPU
		{D2E23C36-7D65-448A-BDA0-EFA3A36E11F6}.Debug|x86.Build.0 = Debug|Any CPU
		{D2E23C36-7D65-448A-BDA0-EFA3A36E11F6}.Release|Any CPU.ActiveCfg = Release|Any CPU
		{D2E23C36-7D65-448A-BDA0-EFA3A36E11F6}.Release|Any CPU.Build.0 = Release|Any CPU
		{D2E23C36-7D65-448A-BDA0-EFA3A36E11F6}.Release|x64.ActiveCfg = Release|Any CPU
		{D2E23C36-7D65-448A-BDA0-EFA3A36E11F6}.Release|x64.Build.0 = Release|Any CPU
		{D2E23C36-7D65-448A-BDA0-EFA3A36E11F6}.Release|x86.ActiveCfg = Release|Any CPU
		{D2E23C36-7D65-448A-BDA0-EFA3A36E11F6}.Release|x86.Build.0 = Release|Any CPU
		{4295C1B7-D43F-4E38-85AD-33623489FBBE}.Debug|Any CPU.ActiveCfg = Debug|Any CPU
		{4295C1B7-D43F-4E38-85AD-33623489FBBE}.Debug|Any CPU.Build.0 = Debug|Any CPU
		{4295C1B7-D43F-4E38-85AD-33623489FBBE}.Debug|x64.ActiveCfg = Debug|Any CPU
		{4295C1B7-D43F-4E38-85AD-33623489FBBE}.Debug|x64.Build.0 = Debug|Any CPU
		{4295C1B7-D43F-4E38-85AD-33623489FBBE}.Debug|x86.ActiveCfg = Debug|Any CPU
		{4295C1B7-D43F-4E38-85AD-33623489FBBE}.Debug|x86.Build.0 = Debug|Any CPU
		{4295C1B7-D43F-4E38-85AD-33623489FBBE}.Release|Any CPU.ActiveCfg = Release|Any CPU
		{4295C1B7-D43F-4E38-85AD-33623489FBBE}.Release|Any CPU.Build.0 = Release|Any CPU
		{4295C1B7-D43F-4E38-85AD-33623489FBBE}.Release|x64.ActiveCfg = Release|Any CPU
		{4295C1B7-D43F-4E38-85AD-33623489FBBE}.Release|x64.Build.0 = Release|Any CPU
		{4295C1B7-D43F-4E38-85AD-33623489FBBE}.Release|x86.ActiveCfg = Release|Any CPU
		{4295C1B7-D43F-4E38-85AD-33623489FBBE}.Release|x86.Build.0 = Release|Any CPU
		{EBE6EBAE-A092-4895-A7A3-8BD6179BDB5C}.Debug|Any CPU.ActiveCfg = Debug|Any CPU
		{EBE6EBAE-A092-4895-A7A3-8BD6179BDB5C}.Debug|Any CPU.Build.0 = Debug|Any CPU
		{EBE6EBAE-A092-4895-A7A3-8BD6179BDB5C}.Debug|x64.ActiveCfg = Debug|Any CPU
		{EBE6EBAE-A092-4895-A7A3-8BD6179BDB5C}.Debug|x64.Build.0 = Debug|Any CPU
		{EBE6EBAE-A092-4895-A7A3-8BD6179BDB5C}.Debug|x86.ActiveCfg = Debug|Any CPU
		{EBE6EBAE-A092-4895-A7A3-8BD6179BDB5C}.Debug|x86.Build.0 = Debug|Any CPU
		{EBE6EBAE-A092-4895-A7A3-8BD6179BDB5C}.Release|Any CPU.ActiveCfg = Release|Any CPU
		{EBE6EBAE-A092-4895-A7A3-8BD6179BDB5C}.Release|Any CPU.Build.0 = Release|Any CPU
		{EBE6EBAE-A092-4895-A7A3-8BD6179BDB5C}.Release|x64.ActiveCfg = Release|Any CPU
		{EBE6EBAE-A092-4895-A7A3-8BD6179BDB5C}.Release|x64.Build.0 = Release|Any CPU
		{EBE6EBAE-A092-4895-A7A3-8BD6179BDB5C}.Release|x86.ActiveCfg = Release|Any CPU
		{EBE6EBAE-A092-4895-A7A3-8BD6179BDB5C}.Release|x86.Build.0 = Release|Any CPU
		{EA8F8FD9-BDA8-4368-881F-F0C820907F7A}.Debug|Any CPU.ActiveCfg = Debug|Any CPU
		{EA8F8FD9-BDA8-4368-881F-F0C820907F7A}.Debug|Any CPU.Build.0 = Debug|Any CPU
		{EA8F8FD9-BDA8-4368-881F-F0C820907F7A}.Debug|x64.ActiveCfg = Debug|Any CPU
		{EA8F8FD9-BDA8-4368-881F-F0C820907F7A}.Debug|x64.Build.0 = Debug|Any CPU
		{EA8F8FD9-BDA8-4368-881F-F0C820907F7A}.Debug|x86.ActiveCfg = Debug|Any CPU
		{EA8F8FD9-BDA8-4368-881F-F0C820907F7A}.Debug|x86.Build.0 = Debug|Any CPU
		{EA8F8FD9-BDA8-4368-881F-F0C820907F7A}.Release|Any CPU.ActiveCfg = Release|Any CPU
		{EA8F8FD9-BDA8-4368-881F-F0C820907F7A}.Release|Any CPU.Build.0 = Release|Any CPU
		{EA8F8FD9-BDA8-4368-881F-F0C820907F7A}.Release|x64.ActiveCfg = Release|Any CPU
		{EA8F8FD9-BDA8-4368-881F-F0C820907F7A}.Release|x64.Build.0 = Release|Any CPU
		{EA8F8FD9-BDA8-4368-881F-F0C820907F7A}.Release|x86.ActiveCfg = Release|Any CPU
		{EA8F8FD9-BDA8-4368-881F-F0C820907F7A}.Release|x86.Build.0 = Release|Any CPU
		{EED5186F-0477-44AC-8C66-1027D9A263CB}.Debug|Any CPU.ActiveCfg = Debug|Any CPU
		{EED5186F-0477-44AC-8C66-1027D9A263CB}.Debug|Any CPU.Build.0 = Debug|Any CPU
		{EED5186F-0477-44AC-8C66-1027D9A263CB}.Debug|x64.ActiveCfg = Debug|Any CPU
		{EED5186F-0477-44AC-8C66-1027D9A263CB}.Debug|x64.Build.0 = Debug|Any CPU
		{EED5186F-0477-44AC-8C66-1027D9A263CB}.Debug|x86.ActiveCfg = Debug|Any CPU
		{EED5186F-0477-44AC-8C66-1027D9A263CB}.Debug|x86.Build.0 = Debug|Any CPU
		{EED5186F-0477-44AC-8C66-1027D9A263CB}.Release|Any CPU.ActiveCfg = Release|Any CPU
		{EED5186F-0477-44AC-8C66-1027D9A263CB}.Release|Any CPU.Build.0 = Release|Any CPU
		{EED5186F-0477-44AC-8C66-1027D9A263CB}.Release|x64.ActiveCfg = Release|Any CPU
		{EED5186F-0477-44AC-8C66-1027D9A263CB}.Release|x64.Build.0 = Release|Any CPU
		{EED5186F-0477-44AC-8C66-1027D9A263CB}.Release|x86.ActiveCfg = Release|Any CPU
		{EED5186F-0477-44AC-8C66-1027D9A263CB}.Release|x86.Build.0 = Release|Any CPU
	EndGlobalSection
	GlobalSection(SolutionProperties) = preSolution
		HideSolutionNode = FALSE
	EndGlobalSection
	GlobalSection(ExtensibilityGlobals) = postSolution
		SolutionGuid = {4F84EF90-1293-48ED-9488-F7763CEBAF7B}
	EndGlobalSection
EndGlobal
