
Microsoft Visual Studio Solution File, Format Version 12.00
# Visual Studio 15
VisualStudioVersion = 15.0.27428.2005
MinimumVisualStudioVersion = 10.0.40219.1
Project("{FAE04EC0-301F-11D3-BF4B-00C04F79EFBC}") = "ScriptableData", "..\ScriptableData\ScriptableData.csproj", "{4295C1B7-D43F-4E38-85AD-33623489FBBE}"
EndProject
Project("{FAE04EC0-301F-11D3-BF4B-00C04F79EFBC}") = "TableReaderGenerator", "TableReaderGenerator\TableReaderGenerator.csproj", "{71D6F6E0-A8B2-4920-B5FD-C677955D83FE}"
EndProject
Project("{FAE04EC0-301F-11D3-BF4B-00C04F79EFBC}") = "SpatialSystem", "..\SpatialSystem\SpatialSystem.csproj", "{A7243F97-5FC1-4327-81CC-C76C94721D7A}"
EndProject
Project("{FAE04EC0-301F-11D3-BF4B-00C04F79EFBC}") = "CellParser", "CellParser\CellParser.csproj", "{CE310EF9-9902-4267-8CC0-E826890A2138}"
EndProject
Project("{FAE04EC0-301F-11D3-BF4B-00C04F79EFBC}") = "Util", "..\Util\Util.csproj", "{EA8F8FD9-BDA8-4368-881F-F0C820907F7A}"
EndProject
Project("{FAE04EC0-301F-11D3-BF4B-00C04F79EFBC}") = "DaiDemo", "DaiDemo\DaiDemo.csproj", "{4A86DA2A-8DF2-4F8C-8FBA-AE3EEB257876}"
EndProject
Project("{FAE04EC0-301F-11D3-BF4B-00C04F79EFBC}") = "Jitter", "..\Jitter\Jitter.csproj", "{AA03EF1A-94F7-4D30-AB14-2092863FF923}"
EndProject
Global
	GlobalSection(SolutionConfigurationPlatforms) = preSolution
		Debug|Any CPU = Debug|Any CPU
		Debug|x64 = Debug|x64
		Debug|x86 = Debug|x86
		Release|Any CPU = Release|Any CPU
		Release|x64 = Release|x64
		Release|x86 = Release|x86
	EndGlobalSection
	GlobalSection(ProjectConfigurationPlatforms) = postSolution
		{4295C1B7-D43F-4E38-85AD-33623489FBBE}.Debug|Any CPU.ActiveCfg = Debug|Any CPU
		{4295C1B7-D43F-4E38-85AD-33623489FBBE}.Debug|Any CPU.Build.0 = Debug|Any CPU
		{4295C1B7-D43F-4E38-85AD-33623489FBBE}.Debug|x64.ActiveCfg = Debug|Any CPU
		{4295C1B7-D43F-4E38-85AD-33623489FBBE}.Debug|x64.Build.0 = Debug|Any CPU
		{4295C1B7-D43F-4E38-85AD-33623489FBBE}.Debug|x86.ActiveCfg = Debug|Any CPU
		{4295C1B7-D43F-4E38-85AD-33623489FBBE}.Debug|x86.Build.0 = Debug|Any CPU
		{4295C1B7-D43F-4E38-85AD-33623489FBBE}.Release|Any CPU.ActiveCfg = Release|Any CPU
		{4295C1B7-D43F-4E38-85AD-33623489FBBE}.Release|Any CPU.Build.0 = Release|Any CPU
		{4295C1B7-D43F-4E38-85AD-33623489FBBE}.Release|x64.ActiveCfg = Release|Any CPU
		{4295C1B7-D43F-4E38-85AD-33623489FBBE}.Release|x64.Build.0 = Release|Any CPU
		{4295C1B7-D43F-4E38-85AD-33623489FBBE}.Release|x86.ActiveCfg = Release|Any CPU
		{4295C1B7-D43F-4E38-85AD-33623489FBBE}.Release|x86.Build.0 = Release|Any CPU
		{71D6F6E0-A8B2-4920-B5FD-C677955D83FE}.Debug|Any CPU.ActiveCfg = Debug|Any CPU
		{71D6F6E0-A8B2-4920-B5FD-C677955D83FE}.Debug|Any CPU.Build.0 = Debug|Any CPU
		{71D6F6E0-A8B2-4920-B5FD-C677955D83FE}.Debug|x64.ActiveCfg = Debug|Any CPU
		{71D6F6E0-A8B2-4920-B5FD-C677955D83FE}.Debug|x64.Build.0 = Debug|Any CPU
		{71D6F6E0-A8B2-4920-B5FD-C677955D83FE}.Debug|x86.ActiveCfg = Debug|Any CPU
		{71D6F6E0-A8B2-4920-B5FD-C677955D83FE}.Debug|x86.Build.0 = Debug|Any CPU
		{71D6F6E0-A8B2-4920-B5FD-C677955D83FE}.Release|Any CPU.ActiveCfg = Release|Any CPU
		{71D6F6E0-A8B2-4920-B5FD-C677955D83FE}.Release|Any CPU.Build.0 = Release|Any CPU
		{71D6F6E0-A8B2-4920-B5FD-C677955D83FE}.Release|x64.ActiveCfg = Release|Any CPU
		{71D6F6E0-A8B2-4920-B5FD-C677955D83FE}.Release|x64.Build.0 = Release|Any CPU
		{71D6F6E0-A8B2-4920-B5FD-C677955D83FE}.Release|x86.ActiveCfg = Release|Any CPU
		{71D6F6E0-A8B2-4920-B5FD-C677955D83FE}.Release|x86.Build.0 = Release|Any CPU
		{A7243F97-5FC1-4327-81CC-C76C94721D7A}.Debug|Any CPU.ActiveCfg = Debug|Any CPU
		{A7243F97-5FC1-4327-81CC-C76C94721D7A}.Debug|Any CPU.Build.0 = Debug|Any CPU
		{A7243F97-5FC1-4327-81CC-C76C94721D7A}.Debug|x64.ActiveCfg = Debug|Any CPU
		{A7243F97-5FC1-4327-81CC-C76C94721D7A}.Debug|x64.Build.0 = Debug|Any CPU
		{A7243F97-5FC1-4327-81CC-C76C94721D7A}.Debug|x86.ActiveCfg = Debug|Any CPU
		{A7243F97-5FC1-4327-81CC-C76C94721D7A}.Debug|x86.Build.0 = Debug|Any CPU
		{A7243F97-5FC1-4327-81CC-C76C94721D7A}.Release|Any CPU.ActiveCfg = Release|Any CPU
		{A7243F97-5FC1-4327-81CC-C76C94721D7A}.Release|Any CPU.Build.0 = Release|Any CPU
		{A7243F97-5FC1-4327-81CC-C76C94721D7A}.Release|x64.ActiveCfg = Release|Any CPU
		{A7243F97-5FC1-4327-81CC-C76C94721D7A}.Release|x64.Build.0 = Release|Any CPU
		{A7243F97-5FC1-4327-81CC-C76C94721D7A}.Release|x86.ActiveCfg = Release|Any CPU
		{A7243F97-5FC1-4327-81CC-C76C94721D7A}.Release|x86.Build.0 = Release|Any CPU
		{CE310EF9-9902-4267-8CC0-E826890A2138}.Debug|Any CPU.ActiveCfg = Debug|x86
		{CE310EF9-9902-4267-8CC0-E826890A2138}.Debug|x64.ActiveCfg = Debug|x86
		{CE310EF9-9902-4267-8CC0-E826890A2138}.Debug|x86.ActiveCfg = Debug|x86
		{CE310EF9-9902-4267-8CC0-E826890A2138}.Debug|x86.Build.0 = Debug|x86
		{CE310EF9-9902-4267-8CC0-E826890A2138}.Release|Any CPU.ActiveCfg = Release|x86
		{CE310EF9-9902-4267-8CC0-E826890A2138}.Release|x64.ActiveCfg = Release|x86
		{CE310EF9-9902-4267-8CC0-E826890A2138}.Release|x86.ActiveCfg = Release|x86
		{CE310EF9-9902-4267-8CC0-E826890A2138}.Release|x86.Build.0 = Release|x86
		{EA8F8FD9-BDA8-4368-881F-F0C820907F7A}.Debug|Any CPU.ActiveCfg = Debug|Any CPU
		{EA8F8FD9-BDA8-4368-881F-F0C820907F7A}.Debug|Any CPU.Build.0 = Debug|Any CPU
		{EA8F8FD9-BDA8-4368-881F-F0C820907F7A}.Debug|x64.ActiveCfg = Debug|Any CPU
		{EA8F8FD9-BDA8-4368-881F-F0C820907F7A}.Debug|x64.Build.0 = Debug|Any CPU
		{EA8F8FD9-BDA8-4368-881F-F0C820907F7A}.Debug|x86.ActiveCfg = Debug|Any CPU
		{EA8F8FD9-BDA8-4368-881F-F0C820907F7A}.Debug|x86.Build.0 = Debug|Any CPU
		{EA8F8FD9-BDA8-4368-881F-F0C820907F7A}.Release|Any CPU.ActiveCfg = Release|Any CPU
		{EA8F8FD9-BDA8-4368-881F-F0C820907F7A}.Release|Any CPU.Build.0 = Release|Any CPU
		{EA8F8FD9-BDA8-4368-881F-F0C820907F7A}.Release|x64.ActiveCfg = Release|Any CPU
		{EA8F8FD9-BDA8-4368-881F-F0C820907F7A}.Release|x64.Build.0 = Release|Any CPU
		{EA8F8FD9-BDA8-4368-881F-F0C820907F7A}.Release|x86.ActiveCfg = Release|Any CPU
		{EA8F8FD9-BDA8-4368-881F-F0C820907F7A}.Release|x86.Build.0 = Release|Any CPU
		{4A86DA2A-8DF2-4F8C-8FBA-AE3EEB257876}.Debug|Any CPU.ActiveCfg = Debug|Any CPU
		{4A86DA2A-8DF2-4F8C-8FBA-AE3EEB257876}.Debug|Any CPU.Build.0 = Debug|Any CPU
		{4A86DA2A-8DF2-4F8C-8FBA-AE3EEB257876}.Debug|x64.ActiveCfg = Debug|Any CPU
		{4A86DA2A-8DF2-4F8C-8FBA-AE3EEB257876}.Debug|x64.Build.0 = Debug|Any CPU
		{4A86DA2A-8DF2-4F8C-8FBA-AE3EEB257876}.Debug|x86.ActiveCfg = Debug|Any CPU
		{4A86DA2A-8DF2-4F8C-8FBA-AE3EEB257876}.Debug|x86.Build.0 = Debug|Any CPU
		{4A86DA2A-8DF2-4F8C-8FBA-AE3EEB257876}.Release|Any CPU.ActiveCfg = Release|Any CPU
		{4A86DA2A-8DF2-4F8C-8FBA-AE3EEB257876}.Release|Any CPU.Build.0 = Release|Any CPU
		{4A86DA2A-8DF2-4F8C-8FBA-AE3EEB257876}.Release|x64.ActiveCfg = Release|Any CPU
		{4A86DA2A-8DF2-4F8C-8FBA-AE3EEB257876}.Release|x64.Build.0 = Release|Any CPU
		{4A86DA2A-8DF2-4F8C-8FBA-AE3EEB257876}.Release|x86.ActiveCfg = Release|Any CPU
		{4A86DA2A-8DF2-4F8C-8FBA-AE3EEB257876}.Release|x86.Build.0 = Release|Any CPU
		{AA03EF1A-94F7-4D30-AB14-2092863FF923}.Debug|Any CPU.ActiveCfg = Debug|Any CPU
		{AA03EF1A-94F7-4D30-AB14-2092863FF923}.Debug|Any CPU.Build.0 = Debug|Any CPU
		{AA03EF1A-94F7-4D30-AB14-2092863FF923}.Debug|x64.ActiveCfg = Debug|Any CPU
		{AA03EF1A-94F7-4D30-AB14-2092863FF923}.Debug|x64.Build.0 = Debug|Any CPU
		{AA03EF1A-94F7-4D30-AB14-2092863FF923}.Debug|x86.ActiveCfg = Debug|Any CPU
		{AA03EF1A-94F7-4D30-AB14-2092863FF923}.Debug|x86.Build.0 = Debug|Any CPU
		{AA03EF1A-94F7-4D30-AB14-2092863FF923}.Release|Any CPU.ActiveCfg = Release|Any CPU
		{AA03EF1A-94F7-4D30-AB14-2092863FF923}.Release|Any CPU.Build.0 = Release|Any CPU
		{AA03EF1A-94F7-4D30-AB14-2092863FF923}.Release|x64.ActiveCfg = Release|Any CPU
		{AA03EF1A-94F7-4D30-AB14-2092863FF923}.Release|x64.Build.0 = Release|Any CPU
		{AA03EF1A-94F7-4D30-AB14-2092863FF923}.Release|x86.ActiveCfg = Release|Any CPU
		{AA03EF1A-94F7-4D30-AB14-2092863FF923}.Release|x86.Build.0 = Release|Any CPU
	EndGlobalSection
	GlobalSection(SolutionProperties) = preSolution
		HideSolutionNode = FALSE
	EndGlobalSection
	GlobalSection(ExtensibilityGlobals) = postSolution
		SolutionGuid = {4F84EF90-1293-48ED-9488-F7763CEBAF7B}
	EndGlobalSection
EndGlobal
